PODS:
  - markymark (10.1.3)
  - SwiftLint (0.28.1)

DEPENDENCIES:
  - markymark (from `../`)
  - SwiftLint

SPEC REPOS:
  trunk:
    - SwiftLint

EXTERNAL SOURCES:
  markymark:
    :path: "../"

SPEC CHECKSUMS:
  markymark: 264a58bb797251c4d0e46865aa5ce78d210d5d2a
  SwiftLint: 7f5f7de0da74a649b16616cb5246ae323489656e

PODFILE CHECKSUM: e6179d5e64bda0057471cea1521ff93bf207a88b

COCOAPODS: 1.11.2
