PODS:
  - markymark (10.1.4)
  - SwiftLint (0.28.1)

DEPENDENCIES:
  - markymark (from `../`)
  - SwiftLint

SPEC REPOS:
  trunk:
    - SwiftLint

EXTERNAL SOURCES:
  markymark:
    :path: "../"

SPEC CHECKSUMS:
  markymark: 14802ff7ae7a9e84f4b363a5286fd6810480b0ac
  SwiftLint: 7f5f7de0da74a649b16616cb5246ae323489656e

PODFILE CHECKSUM: e6179d5e64bda0057471cea1521ff93bf207a88b

COCOAPODS: 1.11.3
