// !$*UTF8*$!
{
	archiveVersion = 1;
	classes = {
	};
	objectVersion = 46;
	objects = {

/* Begin PBXBuildFile section */
		07614EA220B5565F00917A0C /* AdvancedMarkdownViewController.swift in Sources */ = {isa = PBXBuildFile; fileRef = 07614EA120B5565F00917A0C /* AdvancedMarkdownViewController.swift */; };
		07EC79F51CF3A19D004239CB /* ListRuleTests.swift in Sources */ = {isa = PBXBuildFile; fileRef = 07EC79F41CF3A19D004239CB /* ListRuleTests.swift */; };
		1E5D871F2AD8705B0A87B17C /* Pods_markymark_Example.framework in Frameworks */ = {isa = PBXBuildFile; fileRef = 6E8357CFD26059D0E00EA777 /* Pods_markymark_Example.framework */; };
		37393F83B3CB200FC35A7F67 /* Pods_TodayExtension.framework in Frameworks */ = {isa = PBXBuildFile; fileRef = 5770E41050B9B55F6767CB36 /* Pods_TodayExtension.framework */; };
		607FACD61AFB9204008FA782 /* AppDelegate.swift in Sources */ = {isa = PBXBuildFile; fileRef = 607FACD51AFB9204008FA782 /* AppDelegate.swift */; };
		607FACD81AFB9204008FA782 /* SimpleMarkDownViewController.swift in Sources */ = {isa = PBXBuildFile; fileRef = 607FACD71AFB9204008FA782 /* SimpleMarkDownViewController.swift */; };
		607FACDB1AFB9204008FA782 /* Main.storyboard in Resources */ = {isa = PBXBuildFile; fileRef = 607FACD91AFB9204008FA782 /* Main.storyboard */; };
		607FACDD1AFB9204008FA782 /* Images.xcassets in Resources */ = {isa = PBXBuildFile; fileRef = 607FACDC1AFB9204008FA782 /* Images.xcassets */; };
		607FACE01AFB9204008FA782 /* LaunchScreen.xib in Resources */ = {isa = PBXBuildFile; fileRef = 607FACDE1AFB9204008FA782 /* LaunchScreen.xib */; };
		629C42421CEB4B3000DA57D8 /* MarkyMarkContentfulIntegrationTests.swift in Sources */ = {isa = PBXBuildFile; fileRef = 629C42241CEB47F900DA57D8 /* MarkyMarkContentfulIntegrationTests.swift */; };
		629C42431CEB4B3000DA57D8 /* HeaderRuleTests.swift in Sources */ = {isa = PBXBuildFile; fileRef = 629C42271CEB47F900DA57D8 /* HeaderRuleTests.swift */; };
		629C42441CEB4B3000DA57D8 /* ParagraphRuleTests.swift in Sources */ = {isa = PBXBuildFile; fileRef = 629C42281CEB47F900DA57D8 /* ParagraphRuleTests.swift */; };
		629C42451CEB4B3000DA57D8 /* MarkDownConverterConfigurationTests.swift in Sources */ = {isa = PBXBuildFile; fileRef = 629C422B1CEB47F900DA57D8 /* MarkDownConverterConfigurationTests.swift */; };
		629C42461CEB4B3000DA57D8 /* MarkDownConverterTests.swift in Sources */ = {isa = PBXBuildFile; fileRef = 629C422C1CEB47F900DA57D8 /* MarkDownConverterTests.swift */; };
		629C42491CEB4B3000DA57D8 /* HeaderMarkDownItemTests.swift in Sources */ = {isa = PBXBuildFile; fileRef = 629C42311CEB47F900DA57D8 /* HeaderMarkDownItemTests.swift */; };
		629C424A1CEB4B3000DA57D8 /* MarkDownItemTests.swift in Sources */ = {isa = PBXBuildFile; fileRef = 629C42321CEB47F900DA57D8 /* MarkDownItemTests.swift */; };
		629C424B1CEB4B3000DA57D8 /* ParagraphMarkDownItemTests.swift in Sources */ = {isa = PBXBuildFile; fileRef = 629C42331CEB47F900DA57D8 /* ParagraphMarkDownItemTests.swift */; };
		629C424C1CEB4B3000DA57D8 /* MarkDownLinesTests.swift in Sources */ = {isa = PBXBuildFile; fileRef = 629C42341CEB47F900DA57D8 /* MarkDownLinesTests.swift */; };
		629C424D1CEB4B3000DA57D8 /* MarkyMarkTests.swift in Sources */ = {isa = PBXBuildFile; fileRef = 629C42351CEB47F900DA57D8 /* MarkyMarkTests.swift */; };
		629C42511CEB58D000DA57D8 /* markdown.txt in Resources */ = {isa = PBXBuildFile; fileRef = 629C42501CEB58D000DA57D8 /* markdown.txt */; };
		9A06FCF11CF72B4D0040251D /* AlphabeticListTypeTests.swift in Sources */ = {isa = PBXBuildFile; fileRef = 9A06FCF01CF72B4D0040251D /* AlphabeticListTypeTests.swift */; };
		9A8BE0AA1CEE0416004593A0 /* BoldRuleTests.swift in Sources */ = {isa = PBXBuildFile; fileRef = 9A8BE0A31CEE0416004593A0 /* BoldRuleTests.swift */; };
		9A8BE0AB1CEE0416004593A0 /* ImageRuleTests.swift in Sources */ = {isa = PBXBuildFile; fileRef = 9A8BE0A41CEE0416004593A0 /* ImageRuleTests.swift */; };
		9A8BE0AC1CEE0416004593A0 /* InlineCodeRuleTests.swift in Sources */ = {isa = PBXBuildFile; fileRef = 9A8BE0A51CEE0416004593A0 /* InlineCodeRuleTests.swift */; };
		9A8BE0AD1CEE0416004593A0 /* InlineTextRuleTests.swift in Sources */ = {isa = PBXBuildFile; fileRef = 9A8BE0A61CEE0416004593A0 /* InlineTextRuleTests.swift */; };
		9A8BE0AE1CEE0416004593A0 /* ItalicRuleTests.swift in Sources */ = {isa = PBXBuildFile; fileRef = 9A8BE0A71CEE0416004593A0 /* ItalicRuleTests.swift */; };
		9A8BE0AF1CEE0416004593A0 /* LinkRuleTests.swift in Sources */ = {isa = PBXBuildFile; fileRef = 9A8BE0A81CEE0416004593A0 /* LinkRuleTests.swift */; };
		9A8BE0B01CEE0416004593A0 /* StrikeRuleTests.swift in Sources */ = {isa = PBXBuildFile; fileRef = 9A8BE0A91CEE0416004593A0 /* StrikeRuleTests.swift */; };
		9A8BE0B51CEE044E004593A0 /* BlockQuoteRuleTests.swift in Sources */ = {isa = PBXBuildFile; fileRef = 9A8BE0B21CEE044E004593A0 /* BlockQuoteRuleTests.swift */; };
		9A8BE0B61CEE044E004593A0 /* CodeBlockRuleTests.swift in Sources */ = {isa = PBXBuildFile; fileRef = 9A8BE0B31CEE044E004593A0 /* CodeBlockRuleTests.swift */; };
		9A8BE0BA1CEE0459004593A0 /* HorizontalLineRuleTests.swift in Sources */ = {isa = PBXBuildFile; fileRef = 9A8BE0B71CEE0458004593A0 /* HorizontalLineRuleTests.swift */; };
		9A8BE0BB1CEE0459004593A0 /* ImageBlockRuleTests.swift in Sources */ = {isa = PBXBuildFile; fileRef = 9A8BE0B81CEE0458004593A0 /* ImageBlockRuleTests.swift */; };
		9A957FAF1CF730FB00465146 /* OrderedListTypeTests.swift in Sources */ = {isa = PBXBuildFile; fileRef = 9A957FAE1CF730FB00465146 /* OrderedListTypeTests.swift */; };
		9AD91A7A1CF7393A00BA3FD4 /* UnOrderedListTypeTests.swift in Sources */ = {isa = PBXBuildFile; fileRef = 9AD91A791CF7393A00BA3FD4 /* UnOrderedListTypeTests.swift */; };
		9AD91A7E1CF851CF00BA3FD4 /* ListRuleIntegrationTests.swift in Sources */ = {isa = PBXBuildFile; fileRef = 9AD91A7D1CF851CF00BA3FD4 /* ListRuleIntegrationTests.swift */; };
		9F346D66B4B31DFCC02A1889 /* Pods_markymark_Tests.framework in Frameworks */ = {isa = PBXBuildFile; fileRef = F8C9BF4F2708091B2D40877E /* Pods_markymark_Tests.framework */; };
		F927877621F8BB9000039986 /* URLaddHTTPSIfSchemeIsMissingTests.swift in Sources */ = {isa = PBXBuildFile; fileRef = F927877421F8BB5200039986 /* URLaddHTTPSIfSchemeIsMissingTests.swift */; };
		F95E6FFA21A5E9FC006CA76E /* NotificationCenter.framework in Frameworks */ = {isa = PBXBuildFile; fileRef = F95E6FF921A5E9FC006CA76E /* NotificationCenter.framework */; };
		F95E6FFD21A5E9FC006CA76E /* TodayViewController.swift in Sources */ = {isa = PBXBuildFile; fileRef = F95E6FFC21A5E9FC006CA76E /* TodayViewController.swift */; };
		F95E700021A5E9FC006CA76E /* MainInterface.storyboard in Resources */ = {isa = PBXBuildFile; fileRef = F95E6FFE21A5E9FC006CA76E /* MainInterface.storyboard */; };
		F95E700421A5E9FC006CA76E /* TodayExtension.appex in Embed App Extensions */ = {isa = PBXBuildFile; fileRef = F95E6FF821A5E9FC006CA76E /* TodayExtension.appex */; settings = {ATTRIBUTES = (RemoveHeadersOnCopy, ); }; };
/* End PBXBuildFile section */

/* Begin PBXContainerItemProxy section */
		607FACE61AFB9204008FA782 /* PBXContainerItemProxy */ = {
			isa = PBXContainerItemProxy;
			containerPortal = 607FACC81AFB9204008FA782 /* Project object */;
			proxyType = 1;
			remoteGlobalIDString = 607FACCF1AFB9204008FA782;
			remoteInfo = markymark;
		};
		F95E700221A5E9FC006CA76E /* PBXContainerItemProxy */ = {
			isa = PBXContainerItemProxy;
			containerPortal = 607FACC81AFB9204008FA782 /* Project object */;
			proxyType = 1;
			remoteGlobalIDString = F95E6FF721A5E9FC006CA76E;
			remoteInfo = TodayExtension;
		};
/* End PBXContainerItemProxy section */

/* Begin PBXCopyFilesBuildPhase section */
		F95E700821A5E9FC006CA76E /* Embed App Extensions */ = {
			isa = PBXCopyFilesBuildPhase;
			buildActionMask = 2147483647;
			dstPath = "";
			dstSubfolderSpec = 13;
			files = (
				F95E700421A5E9FC006CA76E /* TodayExtension.appex in Embed App Extensions */,
			);
			name = "Embed App Extensions";
			runOnlyForDeploymentPostprocessing = 0;
		};
/* End PBXCopyFilesBuildPhase section */

/* Begin PBXFileReference section */
		07614EA120B5565F00917A0C /* AdvancedMarkdownViewController.swift */ = {isa = PBXFileReference; lastKnownFileType = sourcecode.swift; path = AdvancedMarkdownViewController.swift; sourceTree = "<group>"; };
		07EC79F41CF3A19D004239CB /* ListRuleTests.swift */ = {isa = PBXFileReference; fileEncoding = 4; lastKnownFileType = sourcecode.swift; path = ListRuleTests.swift; sourceTree = "<group>"; };
		09F6D551E99F224FBB0ACEA1 /* Pods-markymark_Example.debug.xcconfig */ = {isa = PBXFileReference; includeInIndex = 1; lastKnownFileType = text.xcconfig; name = "Pods-markymark_Example.debug.xcconfig"; path = "Pods/Target Support Files/Pods-markymark_Example/Pods-markymark_Example.debug.xcconfig"; sourceTree = "<group>"; };
		518BCFAF9A99531082BDFBDE /* markymark.podspec */ = {isa = PBXFileReference; includeInIndex = 1; lastKnownFileType = text; name = markymark.podspec; path = ../markymark.podspec; sourceTree = "<group>"; xcLanguageSpecificationIdentifier = xcode.lang.ruby; };
		5770E41050B9B55F6767CB36 /* Pods_TodayExtension.framework */ = {isa = PBXFileReference; explicitFileType = wrapper.framework; includeInIndex = 0; path = Pods_TodayExtension.framework; sourceTree = BUILT_PRODUCTS_DIR; };
		5F43B9B7B5010DA326846718 /* LICENSE */ = {isa = PBXFileReference; includeInIndex = 1; lastKnownFileType = text; name = LICENSE; path = ../LICENSE; sourceTree = "<group>"; };
		607FACD01AFB9204008FA782 /* markymark_Example.app */ = {isa = PBXFileReference; explicitFileType = wrapper.application; includeInIndex = 0; path = markymark_Example.app; sourceTree = BUILT_PRODUCTS_DIR; };
		607FACD41AFB9204008FA782 /* Info.plist */ = {isa = PBXFileReference; lastKnownFileType = text.plist.xml; path = Info.plist; sourceTree = "<group>"; };
		607FACD51AFB9204008FA782 /* AppDelegate.swift */ = {isa = PBXFileReference; lastKnownFileType = sourcecode.swift; path = AppDelegate.swift; sourceTree = "<group>"; };
		607FACD71AFB9204008FA782 /* SimpleMarkDownViewController.swift */ = {isa = PBXFileReference; lastKnownFileType = sourcecode.swift; path = SimpleMarkDownViewController.swift; sourceTree = "<group>"; };
		607FACDA1AFB9204008FA782 /* Base */ = {isa = PBXFileReference; lastKnownFileType = file.storyboard; name = Base; path = Base.lproj/Main.storyboard; sourceTree = "<group>"; };
		607FACDC1AFB9204008FA782 /* Images.xcassets */ = {isa = PBXFileReference; lastKnownFileType = folder.assetcatalog; path = Images.xcassets; sourceTree = "<group>"; };
		607FACDF1AFB9204008FA782 /* Base */ = {isa = PBXFileReference; lastKnownFileType = file.xib; name = Base; path = Base.lproj/LaunchScreen.xib; sourceTree = "<group>"; };
		607FACE51AFB9204008FA782 /* markymark_Tests.xctest */ = {isa = PBXFileReference; explicitFileType = wrapper.cfbundle; includeInIndex = 0; path = markymark_Tests.xctest; sourceTree = BUILT_PRODUCTS_DIR; };
		607FACEA1AFB9204008FA782 /* Info.plist */ = {isa = PBXFileReference; lastKnownFileType = text.plist.xml; path = Info.plist; sourceTree = "<group>"; };
		629C42241CEB47F900DA57D8 /* MarkyMarkContentfulIntegrationTests.swift */ = {isa = PBXFileReference; fileEncoding = 4; lastKnownFileType = sourcecode.swift; path = MarkyMarkContentfulIntegrationTests.swift; sourceTree = "<group>"; };
		629C42271CEB47F900DA57D8 /* HeaderRuleTests.swift */ = {isa = PBXFileReference; fileEncoding = 4; lastKnownFileType = sourcecode.swift; path = HeaderRuleTests.swift; sourceTree = "<group>"; };
		629C42281CEB47F900DA57D8 /* ParagraphRuleTests.swift */ = {isa = PBXFileReference; fileEncoding = 4; lastKnownFileType = sourcecode.swift; path = ParagraphRuleTests.swift; sourceTree = "<group>"; };
		629C422B1CEB47F900DA57D8 /* MarkDownConverterConfigurationTests.swift */ = {isa = PBXFileReference; fileEncoding = 4; lastKnownFileType = sourcecode.swift; path = MarkDownConverterConfigurationTests.swift; sourceTree = "<group>"; };
		629C422C1CEB47F900DA57D8 /* MarkDownConverterTests.swift */ = {isa = PBXFileReference; fileEncoding = 4; lastKnownFileType = sourcecode.swift; path = MarkDownConverterTests.swift; sourceTree = "<group>"; };
		629C42311CEB47F900DA57D8 /* HeaderMarkDownItemTests.swift */ = {isa = PBXFileReference; fileEncoding = 4; lastKnownFileType = sourcecode.swift; path = HeaderMarkDownItemTests.swift; sourceTree = "<group>"; };
		629C42321CEB47F900DA57D8 /* MarkDownItemTests.swift */ = {isa = PBXFileReference; fileEncoding = 4; lastKnownFileType = sourcecode.swift; path = MarkDownItemTests.swift; sourceTree = "<group>"; };
		629C42331CEB47F900DA57D8 /* ParagraphMarkDownItemTests.swift */ = {isa = PBXFileReference; fileEncoding = 4; lastKnownFileType = sourcecode.swift; path = ParagraphMarkDownItemTests.swift; sourceTree = "<group>"; };
		629C42341CEB47F900DA57D8 /* MarkDownLinesTests.swift */ = {isa = PBXFileReference; fileEncoding = 4; lastKnownFileType = sourcecode.swift; path = MarkDownLinesTests.swift; sourceTree = "<group>"; };
		629C42351CEB47F900DA57D8 /* MarkyMarkTests.swift */ = {isa = PBXFileReference; fileEncoding = 4; lastKnownFileType = sourcecode.swift; path = MarkyMarkTests.swift; sourceTree = "<group>"; };
		629C42501CEB58D000DA57D8 /* markdown.txt */ = {isa = PBXFileReference; fileEncoding = 4; lastKnownFileType = text; path = markdown.txt; sourceTree = "<group>"; };
		6E8357CFD26059D0E00EA777 /* Pods_markymark_Example.framework */ = {isa = PBXFileReference; explicitFileType = wrapper.framework; includeInIndex = 0; path = Pods_markymark_Example.framework; sourceTree = BUILT_PRODUCTS_DIR; };
		9704F30C7296E4A0EA9A0087 /* Pods-markymark_Example.release.xcconfig */ = {isa = PBXFileReference; includeInIndex = 1; lastKnownFileType = text.xcconfig; name = "Pods-markymark_Example.release.xcconfig"; path = "Pods/Target Support Files/Pods-markymark_Example/Pods-markymark_Example.release.xcconfig"; sourceTree = "<group>"; };
		99E80ED3FF06693617B60997 /* Pods-TodayExtension.debug.xcconfig */ = {isa = PBXFileReference; includeInIndex = 1; lastKnownFileType = text.xcconfig; name = "Pods-TodayExtension.debug.xcconfig"; path = "Pods/Target Support Files/Pods-TodayExtension/Pods-TodayExtension.debug.xcconfig"; sourceTree = "<group>"; };
		9A06FCF01CF72B4D0040251D /* AlphabeticListTypeTests.swift */ = {isa = PBXFileReference; fileEncoding = 4; lastKnownFileType = sourcecode.swift; path = AlphabeticListTypeTests.swift; sourceTree = "<group>"; };
		9A8BE0A31CEE0416004593A0 /* BoldRuleTests.swift */ = {isa = PBXFileReference; fileEncoding = 4; lastKnownFileType = sourcecode.swift; path = BoldRuleTests.swift; sourceTree = "<group>"; };
		9A8BE0A41CEE0416004593A0 /* ImageRuleTests.swift */ = {isa = PBXFileReference; fileEncoding = 4; lastKnownFileType = sourcecode.swift; path = ImageRuleTests.swift; sourceTree = "<group>"; };
		9A8BE0A51CEE0416004593A0 /* InlineCodeRuleTests.swift */ = {isa = PBXFileReference; fileEncoding = 4; lastKnownFileType = sourcecode.swift; path = InlineCodeRuleTests.swift; sourceTree = "<group>"; };
		9A8BE0A61CEE0416004593A0 /* InlineTextRuleTests.swift */ = {isa = PBXFileReference; fileEncoding = 4; lastKnownFileType = sourcecode.swift; path = InlineTextRuleTests.swift; sourceTree = "<group>"; };
		9A8BE0A71CEE0416004593A0 /* ItalicRuleTests.swift */ = {isa = PBXFileReference; fileEncoding = 4; lastKnownFileType = sourcecode.swift; path = ItalicRuleTests.swift; sourceTree = "<group>"; };
		9A8BE0A81CEE0416004593A0 /* LinkRuleTests.swift */ = {isa = PBXFileReference; fileEncoding = 4; lastKnownFileType = sourcecode.swift; path = LinkRuleTests.swift; sourceTree = "<group>"; };
		9A8BE0A91CEE0416004593A0 /* StrikeRuleTests.swift */ = {isa = PBXFileReference; fileEncoding = 4; lastKnownFileType = sourcecode.swift; path = StrikeRuleTests.swift; sourceTree = "<group>"; };
		9A8BE0B21CEE044E004593A0 /* BlockQuoteRuleTests.swift */ = {isa = PBXFileReference; fileEncoding = 4; lastKnownFileType = sourcecode.swift; path = BlockQuoteRuleTests.swift; sourceTree = "<group>"; };
		9A8BE0B31CEE044E004593A0 /* CodeBlockRuleTests.swift */ = {isa = PBXFileReference; fileEncoding = 4; lastKnownFileType = sourcecode.swift; path = CodeBlockRuleTests.swift; sourceTree = "<group>"; };
		9A8BE0B71CEE0458004593A0 /* HorizontalLineRuleTests.swift */ = {isa = PBXFileReference; fileEncoding = 4; lastKnownFileType = sourcecode.swift; path = HorizontalLineRuleTests.swift; sourceTree = "<group>"; };
		9A8BE0B81CEE0458004593A0 /* ImageBlockRuleTests.swift */ = {isa = PBXFileReference; fileEncoding = 4; lastKnownFileType = sourcecode.swift; path = ImageBlockRuleTests.swift; sourceTree = "<group>"; };
		9A957FAE1CF730FB00465146 /* OrderedListTypeTests.swift */ = {isa = PBXFileReference; fileEncoding = 4; lastKnownFileType = sourcecode.swift; path = OrderedListTypeTests.swift; sourceTree = "<group>"; };
		9ACED21B5B719CEBD45DC4FF /* Pods-markymark_Tests.debug.xcconfig */ = {isa = PBXFileReference; includeInIndex = 1; lastKnownFileType = text.xcconfig; name = "Pods-markymark_Tests.debug.xcconfig"; path = "Pods/Target Support Files/Pods-markymark_Tests/Pods-markymark_Tests.debug.xcconfig"; sourceTree = "<group>"; };
		9AD91A791CF7393A00BA3FD4 /* UnOrderedListTypeTests.swift */ = {isa = PBXFileReference; fileEncoding = 4; lastKnownFileType = sourcecode.swift; path = UnOrderedListTypeTests.swift; sourceTree = "<group>"; };
		9AD91A7D1CF851CF00BA3FD4 /* ListRuleIntegrationTests.swift */ = {isa = PBXFileReference; fileEncoding = 4; lastKnownFileType = sourcecode.swift; path = ListRuleIntegrationTests.swift; sourceTree = "<group>"; };
		A91946E3427CFFC9F3CCB54F /* Pods-TodayExtension.release.xcconfig */ = {isa = PBXFileReference; includeInIndex = 1; lastKnownFileType = text.xcconfig; name = "Pods-TodayExtension.release.xcconfig"; path = "Pods/Target Support Files/Pods-TodayExtension/Pods-TodayExtension.release.xcconfig"; sourceTree = "<group>"; };
		D63514EC31AEF8C31E855D7D /* README.md */ = {isa = PBXFileReference; includeInIndex = 1; lastKnownFileType = net.daringfireball.markdown; name = README.md; path = ../README.md; sourceTree = "<group>"; };
		F8C9BF4F2708091B2D40877E /* Pods_markymark_Tests.framework */ = {isa = PBXFileReference; explicitFileType = wrapper.framework; includeInIndex = 0; path = Pods_markymark_Tests.framework; sourceTree = BUILT_PRODUCTS_DIR; };
		F927877421F8BB5200039986 /* URLaddHTTPSIfSchemeIsMissingTests.swift */ = {isa = PBXFileReference; lastKnownFileType = sourcecode.swift; path = URLaddHTTPSIfSchemeIsMissingTests.swift; sourceTree = "<group>"; };
		F95E6FF821A5E9FC006CA76E /* TodayExtension.appex */ = {isa = PBXFileReference; explicitFileType = "wrapper.app-extension"; includeInIndex = 0; path = TodayExtension.appex; sourceTree = BUILT_PRODUCTS_DIR; };
		F95E6FF921A5E9FC006CA76E /* NotificationCenter.framework */ = {isa = PBXFileReference; lastKnownFileType = wrapper.framework; name = NotificationCenter.framework; path = System/Library/Frameworks/NotificationCenter.framework; sourceTree = SDKROOT; };
		F95E6FFC21A5E9FC006CA76E /* TodayViewController.swift */ = {isa = PBXFileReference; lastKnownFileType = sourcecode.swift; path = TodayViewController.swift; sourceTree = "<group>"; };
		F95E6FFF21A5E9FC006CA76E /* Base */ = {isa = PBXFileReference; lastKnownFileType = file.storyboard; name = Base; path = Base.lproj/MainInterface.storyboard; sourceTree = "<group>"; };
		F95E700121A5E9FC006CA76E /* Info.plist */ = {isa = PBXFileReference; lastKnownFileType = text.plist.xml; path = Info.plist; sourceTree = "<group>"; };
		F999758130B6D43C3A4FA9BF /* Pods-markymark_Tests.release.xcconfig */ = {isa = PBXFileReference; includeInIndex = 1; lastKnownFileType = text.xcconfig; name = "Pods-markymark_Tests.release.xcconfig"; path = "Pods/Target Support Files/Pods-markymark_Tests/Pods-markymark_Tests.release.xcconfig"; sourceTree = "<group>"; };
/* End PBXFileReference section */

/* Begin PBXFrameworksBuildPhase section */
		607FACCD1AFB9204008FA782 /* Frameworks */ = {
			isa = PBXFrameworksBuildPhase;
			buildActionMask = 2147483647;
			files = (
				1E5D871F2AD8705B0A87B17C /* Pods_markymark_Example.framework in Frameworks */,
			);
			runOnlyForDeploymentPostprocessing = 0;
		};
		607FACE21AFB9204008FA782 /* Frameworks */ = {
			isa = PBXFrameworksBuildPhase;
			buildActionMask = 2147483647;
			files = (
				9F346D66B4B31DFCC02A1889 /* Pods_markymark_Tests.framework in Frameworks */,
			);
			runOnlyForDeploymentPostprocessing = 0;
		};
		F95E6FF521A5E9FC006CA76E /* Frameworks */ = {
			isa = PBXFrameworksBuildPhase;
			buildActionMask = 2147483647;
			files = (
				F95E6FFA21A5E9FC006CA76E /* NotificationCenter.framework in Frameworks */,
				37393F83B3CB200FC35A7F67 /* Pods_TodayExtension.framework in Frameworks */,
			);
			runOnlyForDeploymentPostprocessing = 0;
		};
/* End PBXFrameworksBuildPhase section */

/* Begin PBXGroup section */
		0C813F5425A4993300F805D0 /* Inline */ = {
			isa = PBXGroup;
			children = (
				9A8BE0A31CEE0416004593A0 /* BoldRuleTests.swift */,
				9A8BE0A41CEE0416004593A0 /* ImageRuleTests.swift */,
				9A8BE0A51CEE0416004593A0 /* InlineCodeRuleTests.swift */,
				9A8BE0A61CEE0416004593A0 /* InlineTextRuleTests.swift */,
				9A8BE0A71CEE0416004593A0 /* ItalicRuleTests.swift */,
				9A8BE0A81CEE0416004593A0 /* LinkRuleTests.swift */,
				9A8BE0A91CEE0416004593A0 /* StrikeRuleTests.swift */,
			);
			path = Inline;
			sourceTree = "<group>";
		};
		607FACC71AFB9204008FA782 = {
			isa = PBXGroup;
			children = (
				607FACF51AFB993E008FA782 /* Podspec Metadata */,
				607FACD21AFB9204008FA782 /* Example for markymark */,
				607FACE81AFB9204008FA782 /* Tests */,
				F95E6FFB21A5E9FC006CA76E /* TodayExtension */,
				607FACD11AFB9204008FA782 /* Products */,
				65D32CB691ED4A28AA22D2D8 /* Pods */,
				FD08777330AF1F43499E5156 /* Frameworks */,
			);
			sourceTree = "<group>";
		};
		607FACD11AFB9204008FA782 /* Products */ = {
			isa = PBXGroup;
			children = (
				607FACD01AFB9204008FA782 /* markymark_Example.app */,
				607FACE51AFB9204008FA782 /* markymark_Tests.xctest */,
				F95E6FF821A5E9FC006CA76E /* TodayExtension.appex */,
			);
			name = Products;
			sourceTree = "<group>";
		};
		607FACD21AFB9204008FA782 /* Example for markymark */ = {
			isa = PBXGroup;
			children = (
				607FACD51AFB9204008FA782 /* AppDelegate.swift */,
				607FACD71AFB9204008FA782 /* SimpleMarkDownViewController.swift */,
				07614EA120B5565F00917A0C /* AdvancedMarkdownViewController.swift */,
				607FACD91AFB9204008FA782 /* Main.storyboard */,
				607FACDC1AFB9204008FA782 /* Images.xcassets */,
				607FACDE1AFB9204008FA782 /* LaunchScreen.xib */,
				607FACD31AFB9204008FA782 /* Supporting Files */,
			);
			name = "Example for markymark";
			path = markymark;
			sourceTree = "<group>";
		};
		607FACD31AFB9204008FA782 /* Supporting Files */ = {
			isa = PBXGroup;
			children = (
				629C42501CEB58D000DA57D8 /* markdown.txt */,
				607FACD41AFB9204008FA782 /* Info.plist */,
			);
			name = "Supporting Files";
			sourceTree = "<group>";
		};
		607FACE81AFB9204008FA782 /* Tests */ = {
			isa = PBXGroup;
			children = (
				F927877321F8BB3D00039986 /* Helpers */,
				629C42241CEB47F900DA57D8 /* MarkyMarkContentfulIntegrationTests.swift */,
				9AD91A7D1CF851CF00BA3FD4 /* ListRuleIntegrationTests.swift */,
				629C42251CEB47F900DA57D8 /* Rules */,
				629C42291CEB47F900DA57D8 /* Converter */,
				629C42301CEB47F900DA57D8 /* MarkDown Items */,
				629C42341CEB47F900DA57D8 /* MarkDownLinesTests.swift */,
				629C42351CEB47F900DA57D8 /* MarkyMarkTests.swift */,
				607FACE91AFB9204008FA782 /* Supporting Files */,
			);
			path = Tests;
			sourceTree = "<group>";
		};
		607FACE91AFB9204008FA782 /* Supporting Files */ = {
			isa = PBXGroup;
			children = (
				607FACEA1AFB9204008FA782 /* Info.plist */,
			);
			name = "Supporting Files";
			sourceTree = "<group>";
		};
		607FACF51AFB993E008FA782 /* Podspec Metadata */ = {
			isa = PBXGroup;
			children = (
				518BCFAF9A99531082BDFBDE /* markymark.podspec */,
				D63514EC31AEF8C31E855D7D /* README.md */,
				5F43B9B7B5010DA326846718 /* LICENSE */,
			);
			name = "Podspec Metadata";
			sourceTree = "<group>";
		};
		629C42251CEB47F900DA57D8 /* Rules */ = {
			isa = PBXGroup;
			children = (
				629C42261CEB47F900DA57D8 /* Block */,
				0C813F5425A4993300F805D0 /* Inline */,
			);
			path = Rules;
			sourceTree = "<group>";
		};
		629C42261CEB47F900DA57D8 /* Block */ = {
			isa = PBXGroup;
			children = (
				9A06FCF01CF72B4D0040251D /* AlphabeticListTypeTests.swift */,
				629C42271CEB47F900DA57D8 /* HeaderRuleTests.swift */,
				9A8BE0B71CEE0458004593A0 /* HorizontalLineRuleTests.swift */,
				9A8BE0B81CEE0458004593A0 /* ImageBlockRuleTests.swift */,
				9A8BE0B21CEE044E004593A0 /* BlockQuoteRuleTests.swift */,
				9A8BE0B31CEE044E004593A0 /* CodeBlockRuleTests.swift */,
				629C42281CEB47F900DA57D8 /* ParagraphRuleTests.swift */,
				07EC79F41CF3A19D004239CB /* ListRuleTests.swift */,
				9A957FAE1CF730FB00465146 /* OrderedListTypeTests.swift */,
				9AD91A791CF7393A00BA3FD4 /* UnOrderedListTypeTests.swift */,
			);
			path = Block;
			sourceTree = "<group>";
		};
		629C42291CEB47F900DA57D8 /* Converter */ = {
			isa = PBXGroup;
			children = (
				629C422A1CEB47F900DA57D8 /* Configuration */,
				629C422C1CEB47F900DA57D8 /* MarkDownConverterTests.swift */,
			);
			path = Converter;
			sourceTree = "<group>";
		};
		629C422A1CEB47F900DA57D8 /* Configuration */ = {
			isa = PBXGroup;
			children = (
				629C422B1CEB47F900DA57D8 /* MarkDownConverterConfigurationTests.swift */,
			);
			path = Configuration;
			sourceTree = "<group>";
		};
		629C42301CEB47F900DA57D8 /* MarkDown Items */ = {
			isa = PBXGroup;
			children = (
				629C42311CEB47F900DA57D8 /* HeaderMarkDownItemTests.swift */,
				629C42321CEB47F900DA57D8 /* MarkDownItemTests.swift */,
				629C42331CEB47F900DA57D8 /* ParagraphMarkDownItemTests.swift */,
			);
			path = "MarkDown Items";
			sourceTree = "<group>";
		};
		65D32CB691ED4A28AA22D2D8 /* Pods */ = {
			isa = PBXGroup;
			children = (
				09F6D551E99F224FBB0ACEA1 /* Pods-markymark_Example.debug.xcconfig */,
				9704F30C7296E4A0EA9A0087 /* Pods-markymark_Example.release.xcconfig */,
				9ACED21B5B719CEBD45DC4FF /* Pods-markymark_Tests.debug.xcconfig */,
				F999758130B6D43C3A4FA9BF /* Pods-markymark_Tests.release.xcconfig */,
				99E80ED3FF06693617B60997 /* Pods-TodayExtension.debug.xcconfig */,
				A91946E3427CFFC9F3CCB54F /* Pods-TodayExtension.release.xcconfig */,
			);
			name = Pods;
			sourceTree = "<group>";
		};
		F927877321F8BB3D00039986 /* Helpers */ = {
			isa = PBXGroup;
			children = (
				F927877421F8BB5200039986 /* URLaddHTTPSIfSchemeIsMissingTests.swift */,
			);
			path = Helpers;
			sourceTree = "<group>";
		};
		F95E6FFB21A5E9FC006CA76E /* TodayExtension */ = {
			isa = PBXGroup;
			children = (
				F95E6FFC21A5E9FC006CA76E /* TodayViewController.swift */,
				F95E6FFE21A5E9FC006CA76E /* MainInterface.storyboard */,
				F95E700121A5E9FC006CA76E /* Info.plist */,
			);
			path = TodayExtension;
			sourceTree = "<group>";
		};
		FD08777330AF1F43499E5156 /* Frameworks */ = {
			isa = PBXGroup;
			children = (
				6E8357CFD26059D0E00EA777 /* Pods_markymark_Example.framework */,
				F8C9BF4F2708091B2D40877E /* Pods_markymark_Tests.framework */,
				F95E6FF921A5E9FC006CA76E /* NotificationCenter.framework */,
				5770E41050B9B55F6767CB36 /* Pods_TodayExtension.framework */,
			);
			name = Frameworks;
			sourceTree = "<group>";
		};
/* End PBXGroup section */

/* Begin PBXNativeTarget section */
		607FACCF1AFB9204008FA782 /* markymark_Example */ = {
			isa = PBXNativeTarget;
			buildConfigurationList = 607FACEF1AFB9204008FA782 /* Build configuration list for PBXNativeTarget "markymark_Example" */;
			buildPhases = (
				023E2C35E65FC2F3BF3DF5C1 /* [CP] Check Pods Manifest.lock */,
				607FACCC1AFB9204008FA782 /* Sources */,
				607FACCD1AFB9204008FA782 /* Frameworks */,
				607FACCE1AFB9204008FA782 /* Resources */,
				F220BF3FD9625FD67595F183 /* [CP] Embed Pods Frameworks */,
				F95E700821A5E9FC006CA76E /* Embed App Extensions */,
			);
			buildRules = (
			);
			dependencies = (
				F95E700321A5E9FC006CA76E /* PBXTargetDependency */,
			);
			name = markymark_Example;
			productName = markymark;
			productReference = 607FACD01AFB9204008FA782 /* markymark_Example.app */;
			productType = "com.apple.product-type.application";
		};
		607FACE41AFB9204008FA782 /* markymark_Tests */ = {
			isa = PBXNativeTarget;
			buildConfigurationList = 607FACF21AFB9204008FA782 /* Build configuration list for PBXNativeTarget "markymark_Tests" */;
			buildPhases = (
				D70756FE8E6C87A920EAB880 /* [CP] Check Pods Manifest.lock */,
				607FACE11AFB9204008FA782 /* Sources */,
				607FACE21AFB9204008FA782 /* Frameworks */,
				607FACE31AFB9204008FA782 /* Resources */,
				029A2E5D6800056D702BE822 /* [CP] Embed Pods Frameworks */,
			);
			buildRules = (
			);
			dependencies = (
				607FACE71AFB9204008FA782 /* PBXTargetDependency */,
			);
			name = markymark_Tests;
			productName = Tests;
			productReference = 607FACE51AFB9204008FA782 /* markymark_Tests.xctest */;
			productType = "com.apple.product-type.bundle.unit-test";
		};
		F95E6FF721A5E9FC006CA76E /* TodayExtension */ = {
			isa = PBXNativeTarget;
			buildConfigurationList = F95E700721A5E9FC006CA76E /* Build configuration list for PBXNativeTarget "TodayExtension" */;
			buildPhases = (
				02B3E7BD0E47B9FC7388EEBB /* [CP] Check Pods Manifest.lock */,
				F95E6FF421A5E9FC006CA76E /* Sources */,
				F95E6FF521A5E9FC006CA76E /* Frameworks */,
				F95E6FF621A5E9FC006CA76E /* Resources */,
				F9BF708B21A74E2A000CEE49 /* SwiftLint */,
			);
			buildRules = (
			);
			dependencies = (
			);
			name = TodayExtension;
			productName = TodayExtension;
			productReference = F95E6FF821A5E9FC006CA76E /* TodayExtension.appex */;
			productType = "com.apple.product-type.app-extension";
		};
/* End PBXNativeTarget section */

/* Begin PBXProject section */
		607FACC81AFB9204008FA782 /* Project object */ = {
			isa = PBXProject;
			attributes = {
				LastSwiftUpdateCheck = 1010;
				LastUpgradeCheck = 0900;
				ORGANIZATIONNAME = CocoaPods;
				TargetAttributes = {
					607FACCF1AFB9204008FA782 = {
						CreatedOnToolsVersion = 6.3.1;
						DevelopmentTeam = 3B6J93GERH;
						LastSwiftMigration = 1330;
						ProvisioningStyle = Automatic;
					};
					607FACE41AFB9204008FA782 = {
						CreatedOnToolsVersion = 6.3.1;
						DevelopmentTeam = 3B6J93GERH;
						LastSwiftMigration = 1330;
						TestTargetID = 607FACCF1AFB9204008FA782;
					};
					F95E6FF721A5E9FC006CA76E = {
						CreatedOnToolsVersion = 10.1;
						DevelopmentTeam = 3B6J93GERH;
						LastSwiftMigration = 1330;
						ProvisioningStyle = Automatic;
					};
				};
			};
			buildConfigurationList = 607FACCB1AFB9204008FA782 /* Build configuration list for PBXProject "markymark" */;
			compatibilityVersion = "Xcode 3.2";
			developmentRegion = English;
			hasScannedForEncodings = 0;
			knownRegions = (
				English,
				en,
				Base,
			);
			mainGroup = 607FACC71AFB9204008FA782;
			productRefGroup = 607FACD11AFB9204008FA782 /* Products */;
			projectDirPath = "";
			projectRoot = "";
			targets = (
				607FACCF1AFB9204008FA782 /* markymark_Example */,
				607FACE41AFB9204008FA782 /* markymark_Tests */,
				F95E6FF721A5E9FC006CA76E /* TodayExtension */,
			);
		};
/* End PBXProject section */

/* Begin PBXResourcesBuildPhase section */
		607FACCE1AFB9204008FA782 /* Resources */ = {
			isa = PBXResourcesBuildPhase;
			buildActionMask = 2147483647;
			files = (
				607FACDB1AFB9204008FA782 /* Main.storyboard in Resources */,
				629C42511CEB58D000DA57D8 /* markdown.txt in Resources */,
				607FACE01AFB9204008FA782 /* LaunchScreen.xib in Resources */,
				607FACDD1AFB9204008FA782 /* Images.xcassets in Resources */,
			);
			runOnlyForDeploymentPostprocessing = 0;
		};
		607FACE31AFB9204008FA782 /* Resources */ = {
			isa = PBXResourcesBuildPhase;
			buildActionMask = 2147483647;
			files = (
			);
			runOnlyForDeploymentPostprocessing = 0;
		};
		F95E6FF621A5E9FC006CA76E /* Resources */ = {
			isa = PBXResourcesBuildPhase;
			buildActionMask = 2147483647;
			files = (
				F95E700021A5E9FC006CA76E /* MainInterface.storyboard in Resources */,
			);
			runOnlyForDeploymentPostprocessing = 0;
		};
/* End PBXResourcesBuildPhase section */

/* Begin PBXShellScriptBuildPhase section */
		023E2C35E65FC2F3BF3DF5C1 /* [CP] Check Pods Manifest.lock */ = {
			isa = PBXShellScriptBuildPhase;
			buildActionMask = 2147483647;
			files = (
			);
			inputPaths = (
				"${PODS_PODFILE_DIR_PATH}/Podfile.lock",
				"${PODS_ROOT}/Manifest.lock",
			);
			name = "[CP] Check Pods Manifest.lock";
			outputPaths = (
				"$(DERIVED_FILE_DIR)/Pods-markymark_Example-checkManifestLockResult.txt",
			);
			runOnlyForDeploymentPostprocessing = 0;
			shellPath = /bin/sh;
			shellScript = "diff \"${PODS_PODFILE_DIR_PATH}/Podfile.lock\" \"${PODS_ROOT}/Manifest.lock\" > /dev/null\nif [ $? != 0 ] ; then\n    # print error to STDERR\n    echo \"error: The sandbox is not in sync with the Podfile.lock. Run 'pod install' or update your CocoaPods installation.\" >&2\n    exit 1\nfi\n# This output is used by Xcode 'outputs' to avoid re-running this script phase.\necho \"SUCCESS\" > \"${SCRIPT_OUTPUT_FILE_0}\"\n";
			showEnvVarsInLog = 0;
		};
		029A2E5D6800056D702BE822 /* [CP] Embed Pods Frameworks */ = {
			isa = PBXShellScriptBuildPhase;
			buildActionMask = 2147483647;
			files = (
			);
			inputPaths = (
				"${PODS_ROOT}/Target Support Files/Pods-markymark_Tests/Pods-markymark_Tests-frameworks.sh",
				"${BUILT_PRODUCTS_DIR}/markymark-iOS8.3/markymark.framework",
			);
			name = "[CP] Embed Pods Frameworks";
			outputPaths = (
				"${TARGET_BUILD_DIR}/${FRAMEWORKS_FOLDER_PATH}/markymark.framework",
			);
			runOnlyForDeploymentPostprocessing = 0;
			shellPath = /bin/sh;
			shellScript = "\"${PODS_ROOT}/Target Support Files/Pods-markymark_Tests/Pods-markymark_Tests-frameworks.sh\"\n";
			showEnvVarsInLog = 0;
		};
		02B3E7BD0E47B9FC7388EEBB /* [CP] Check Pods Manifest.lock */ = {
			isa = PBXShellScriptBuildPhase;
			buildActionMask = 2147483647;
			files = (
			);
			inputFileListPaths = (
			);
			inputPaths = (
				"${PODS_PODFILE_DIR_PATH}/Podfile.lock",
				"${PODS_ROOT}/Manifest.lock",
			);
			name = "[CP] Check Pods Manifest.lock";
			outputFileListPaths = (
			);
			outputPaths = (
				"$(DERIVED_FILE_DIR)/Pods-TodayExtension-checkManifestLockResult.txt",
			);
			runOnlyForDeploymentPostprocessing = 0;
			shellPath = /bin/sh;
			shellScript = "diff \"${PODS_PODFILE_DIR_PATH}/Podfile.lock\" \"${PODS_ROOT}/Manifest.lock\" > /dev/null\nif [ $? != 0 ] ; then\n    # print error to STDERR\n    echo \"error: The sandbox is not in sync with the Podfile.lock. Run 'pod install' or update your CocoaPods installation.\" >&2\n    exit 1\nfi\n# This output is used by Xcode 'outputs' to avoid re-running this script phase.\necho \"SUCCESS\" > \"${SCRIPT_OUTPUT_FILE_0}\"\n";
			showEnvVarsInLog = 0;
		};
		D70756FE8E6C87A920EAB880 /* [CP] Check Pods Manifest.lock */ = {
			isa = PBXShellScriptBuildPhase;
			buildActionMask = 2147483647;
			files = (
			);
			inputPaths = (
				"${PODS_PODFILE_DIR_PATH}/Podfile.lock",
				"${PODS_ROOT}/Manifest.lock",
			);
			name = "[CP] Check Pods Manifest.lock";
			outputPaths = (
				"$(DERIVED_FILE_DIR)/Pods-markymark_Tests-checkManifestLockResult.txt",
			);
			runOnlyForDeploymentPostprocessing = 0;
			shellPath = /bin/sh;
			shellScript = "diff \"${PODS_PODFILE_DIR_PATH}/Podfile.lock\" \"${PODS_ROOT}/Manifest.lock\" > /dev/null\nif [ $? != 0 ] ; then\n    # print error to STDERR\n    echo \"error: The sandbox is not in sync with the Podfile.lock. Run 'pod install' or update your CocoaPods installation.\" >&2\n    exit 1\nfi\n# This output is used by Xcode 'outputs' to avoid re-running this script phase.\necho \"SUCCESS\" > \"${SCRIPT_OUTPUT_FILE_0}\"\n";
			showEnvVarsInLog = 0;
		};
		F220BF3FD9625FD67595F183 /* [CP] Embed Pods Frameworks */ = {
			isa = PBXShellScriptBuildPhase;
			buildActionMask = 2147483647;
			files = (
			);
			inputPaths = (
				"${PODS_ROOT}/Target Support Files/Pods-markymark_Example/Pods-markymark_Example-frameworks.sh",
				"${BUILT_PRODUCTS_DIR}/markymark-iOS8.3/markymark.framework",
			);
			name = "[CP] Embed Pods Frameworks";
			outputPaths = (
				"${TARGET_BUILD_DIR}/${FRAMEWORKS_FOLDER_PATH}/markymark.framework",
			);
			runOnlyForDeploymentPostprocessing = 0;
			shellPath = /bin/sh;
			shellScript = "\"${PODS_ROOT}/Target Support Files/Pods-markymark_Example/Pods-markymark_Example-frameworks.sh\"\n";
			showEnvVarsInLog = 0;
		};
		F9BF708B21A74E2A000CEE49 /* SwiftLint */ = {
			isa = PBXShellScriptBuildPhase;
			buildActionMask = 2147483647;
			files = (
			);
			inputFileListPaths = (
			);
			inputPaths = (
			);
			name = SwiftLint;
			outputFileListPaths = (
			);
			outputPaths = (
			);
			runOnlyForDeploymentPostprocessing = 0;
			shellPath = /bin/sh;
			shellScript = "\"${PODS_ROOT}/SwiftLint/swiftlint\"\n";
		};
/* End PBXShellScriptBuildPhase section */

/* Begin PBXSourcesBuildPhase section */
		607FACCC1AFB9204008FA782 /* Sources */ = {
			isa = PBXSourcesBuildPhase;
			buildActionMask = 2147483647;
			files = (
				607FACD81AFB9204008FA782 /* SimpleMarkDownViewController.swift in Sources */,
				607FACD61AFB9204008FA782 /* AppDelegate.swift in Sources */,
				07614EA220B5565F00917A0C /* AdvancedMarkdownViewController.swift in Sources */,
			);
			runOnlyForDeploymentPostprocessing = 0;
		};
		607FACE11AFB9204008FA782 /* Sources */ = {
			isa = PBXSourcesBuildPhase;
			buildActionMask = 2147483647;
			files = (
				F927877621F8BB9000039986 /* URLaddHTTPSIfSchemeIsMissingTests.swift in Sources */,
				629C424A1CEB4B3000DA57D8 /* MarkDownItemTests.swift in Sources */,
				629C42431CEB4B3000DA57D8 /* HeaderRuleTests.swift in Sources */,
				9A8BE0B51CEE044E004593A0 /* BlockQuoteRuleTests.swift in Sources */,
				9A8BE0AE1CEE0416004593A0 /* ItalicRuleTests.swift in Sources */,
				9A8BE0AD1CEE0416004593A0 /* InlineTextRuleTests.swift in Sources */,
				07EC79F51CF3A19D004239CB /* ListRuleTests.swift in Sources */,
				9A06FCF11CF72B4D0040251D /* AlphabeticListTypeTests.swift in Sources */,
				9A8BE0AB1CEE0416004593A0 /* ImageRuleTests.swift in Sources */,
				9A8BE0B61CEE044E004593A0 /* CodeBlockRuleTests.swift in Sources */,
				9A8BE0AC1CEE0416004593A0 /* InlineCodeRuleTests.swift in Sources */,
				9AD91A7E1CF851CF00BA3FD4 /* ListRuleIntegrationTests.swift in Sources */,
				629C424B1CEB4B3000DA57D8 /* ParagraphMarkDownItemTests.swift in Sources */,
				9A957FAF1CF730FB00465146 /* OrderedListTypeTests.swift in Sources */,
				629C424D1CEB4B3000DA57D8 /* MarkyMarkTests.swift in Sources */,
				629C42441CEB4B3000DA57D8 /* ParagraphRuleTests.swift in Sources */,
				629C424C1CEB4B3000DA57D8 /* MarkDownLinesTests.swift in Sources */,
				629C42451CEB4B3000DA57D8 /* MarkDownConverterConfigurationTests.swift in Sources */,
				629C42421CEB4B3000DA57D8 /* MarkyMarkContentfulIntegrationTests.swift in Sources */,
				629C42491CEB4B3000DA57D8 /* HeaderMarkDownItemTests.swift in Sources */,
				9A8BE0AF1CEE0416004593A0 /* LinkRuleTests.swift in Sources */,
				9A8BE0BA1CEE0459004593A0 /* HorizontalLineRuleTests.swift in Sources */,
				9A8BE0AA1CEE0416004593A0 /* BoldRuleTests.swift in Sources */,
				9A8BE0BB1CEE0459004593A0 /* ImageBlockRuleTests.swift in Sources */,
				9A8BE0B01CEE0416004593A0 /* StrikeRuleTests.swift in Sources */,
				9AD91A7A1CF7393A00BA3FD4 /* UnOrderedListTypeTests.swift in Sources */,
				629C42461CEB4B3000DA57D8 /* MarkDownConverterTests.swift in Sources */,
			);
			runOnlyForDeploymentPostprocessing = 0;
		};
		F95E6FF421A5E9FC006CA76E /* Sources */ = {
			isa = PBXSourcesBuildPhase;
			buildActionMask = 2147483647;
			files = (
				F95E6FFD21A5E9FC006CA76E /* TodayViewController.swift in Sources */,
			);
			runOnlyForDeploymentPostprocessing = 0;
		};
/* End PBXSourcesBuildPhase section */

/* Begin PBXTargetDependency section */
		607FACE71AFB9204008FA782 /* PBXTargetDependency */ = {
			isa = PBXTargetDependency;
			target = 607FACCF1AFB9204008FA782 /* markymark_Example */;
			targetProxy = 607FACE61AFB9204008FA782 /* PBXContainerItemProxy */;
		};
		F95E700321A5E9FC006CA76E /* PBXTargetDependency */ = {
			isa = PBXTargetDependency;
			target = F95E6FF721A5E9FC006CA76E /* TodayExtension */;
			targetProxy = F95E700221A5E9FC006CA76E /* PBXContainerItemProxy */;
		};
/* End PBXTargetDependency section */

/* Begin PBXVariantGroup section */
		607FACD91AFB9204008FA782 /* Main.storyboard */ = {
			isa = PBXVariantGroup;
			children = (
				607FACDA1AFB9204008FA782 /* Base */,
			);
			name = Main.storyboard;
			sourceTree = "<group>";
		};
		607FACDE1AFB9204008FA782 /* LaunchScreen.xib */ = {
			isa = PBXVariantGroup;
			children = (
				607FACDF1AFB9204008FA782 /* Base */,
			);
			name = LaunchScreen.xib;
			sourceTree = "<group>";
		};
		F95E6FFE21A5E9FC006CA76E /* MainInterface.storyboard */ = {
			isa = PBXVariantGroup;
			children = (
				F95E6FFF21A5E9FC006CA76E /* Base */,
			);
			name = MainInterface.storyboard;
			sourceTree = "<group>";
		};
/* End PBXVariantGroup section */

/* Begin XCBuildConfiguration section */
		607FACED1AFB9204008FA782 /* Debug */ = {
			isa = XCBuildConfiguration;
			buildSettings = {
				ALWAYS_SEARCH_USER_PATHS = NO;
				CLANG_CXX_LANGUAGE_STANDARD = "gnu++0x";
				CLANG_CXX_LIBRARY = "libc++";
				CLANG_ENABLE_MODULES = YES;
				CLANG_ENABLE_OBJC_ARC = YES;
				CLANG_WARN_BLOCK_CAPTURE_AUTORELEASING = YES;
				CLANG_WARN_BOOL_CONVERSION = YES;
				CLANG_WARN_COMMA = YES;
				CLANG_WARN_CONSTANT_CONVERSION = YES;
				CLANG_WARN_DIRECT_OBJC_ISA_USAGE = YES_ERROR;
				CLANG_WARN_EMPTY_BODY = YES;
				CLANG_WARN_ENUM_CONVERSION = YES;
				CLANG_WARN_INFINITE_RECURSION = YES;
				CLANG_WARN_INT_CONVERSION = YES;
				CLANG_WARN_NON_LITERAL_NULL_CONVERSION = YES;
				CLANG_WARN_OBJC_LITERAL_CONVERSION = YES;
				CLANG_WARN_OBJC_ROOT_CLASS = YES_ERROR;
				CLANG_WARN_RANGE_LOOP_ANALYSIS = YES;
				CLANG_WARN_STRICT_PROTOTYPES = YES;
				CLANG_WARN_SUSPICIOUS_MOVE = YES;
				CLANG_WARN_UNREACHABLE_CODE = YES;
				CLANG_WARN__DUPLICATE_METHOD_MATCH = YES;
				CODE_SIGN_IDENTITY = "iPhone Developer";
				"CODE_SIGN_IDENTITY[sdk=iphoneos*]" = "iPhone Developer";
				COPY_PHASE_STRIP = NO;
				DEBUG_INFORMATION_FORMAT = "dwarf-with-dsym";
				ENABLE_STRICT_OBJC_MSGSEND = YES;
				ENABLE_TESTABILITY = YES;
				GCC_C_LANGUAGE_STANDARD = gnu99;
				GCC_DYNAMIC_NO_PIC = NO;
				GCC_NO_COMMON_BLOCKS = YES;
				GCC_OPTIMIZATION_LEVEL = 0;
				GCC_PREPROCESSOR_DEFINITIONS = (
					"DEBUG=1",
					"$(inherited)",
				);
				GCC_SYMBOLS_PRIVATE_EXTERN = NO;
				GCC_WARN_64_TO_32_BIT_CONVERSION = YES;
				GCC_WARN_ABOUT_RETURN_TYPE = YES_ERROR;
				GCC_WARN_UNDECLARED_SELECTOR = YES;
				GCC_WARN_UNINITIALIZED_AUTOS = YES_AGGRESSIVE;
				GCC_WARN_UNUSED_FUNCTION = YES;
				GCC_WARN_UNUSED_VARIABLE = YES;
				IPHONEOS_DEPLOYMENT_TARGET = 8.3;
				MTL_ENABLE_DEBUG_INFO = YES;
				ONLY_ACTIVE_ARCH = YES;
				SDKROOT = iphoneos;
				SWIFT_OPTIMIZATION_LEVEL = "-Onone";
			};
			name = Debug;
		};
		607FACEE1AFB9204008FA782 /* Release */ = {
			isa = XCBuildConfiguration;
			buildSettings = {
				ALWAYS_SEARCH_USER_PATHS = NO;
				CLANG_CXX_LANGUAGE_STANDARD = "gnu++0x";
				CLANG_CXX_LIBRARY = "libc++";
				CLANG_ENABLE_MODULES = YES;
				CLANG_ENABLE_OBJC_ARC = YES;
				CLANG_WARN_BLOCK_CAPTURE_AUTORELEASING = YES;
				CLANG_WARN_BOOL_CONVERSION = YES;
				CLANG_WARN_COMMA = YES;
				CLANG_WARN_CONSTANT_CONVERSION = YES;
				CLANG_WARN_DIRECT_OBJC_ISA_USAGE = YES_ERROR;
				CLANG_WARN_EMPTY_BODY = YES;
				CLANG_WARN_ENUM_CONVERSION = YES;
				CLANG_WARN_INFINITE_RECURSION = YES;
				CLANG_WARN_INT_CONVERSION = YES;
				CLANG_WARN_NON_LITERAL_NULL_CONVERSION = YES;
				CLANG_WARN_OBJC_LITERAL_CONVERSION = YES;
				CLANG_WARN_OBJC_ROOT_CLASS = YES_ERROR;
				CLANG_WARN_RANGE_LOOP_ANALYSIS = YES;
				CLANG_WARN_STRICT_PROTOTYPES = YES;
				CLANG_WARN_SUSPICIOUS_MOVE = YES;
				CLANG_WARN_UNREACHABLE_CODE = YES;
				CLANG_WARN__DUPLICATE_METHOD_MATCH = YES;
				CODE_SIGN_IDENTITY = "iPhone Developer";
				"CODE_SIGN_IDENTITY[sdk=iphoneos*]" = "iPhone Developer";
				COPY_PHASE_STRIP = NO;
				DEBUG_INFORMATION_FORMAT = "dwarf-with-dsym";
				ENABLE_NS_ASSERTIONS = NO;
				ENABLE_STRICT_OBJC_MSGSEND = YES;
				GCC_C_LANGUAGE_STANDARD = gnu99;
				GCC_NO_COMMON_BLOCKS = YES;
				GCC_OPTIMIZATION_LEVEL = s;
				GCC_WARN_64_TO_32_BIT_CONVERSION = YES;
				GCC_WARN_ABOUT_RETURN_TYPE = YES_ERROR;
				GCC_WARN_UNDECLARED_SELECTOR = YES;
				GCC_WARN_UNINITIALIZED_AUTOS = YES_AGGRESSIVE;
				GCC_WARN_UNUSED_FUNCTION = YES;
				GCC_WARN_UNUSED_VARIABLE = YES;
				IPHONEOS_DEPLOYMENT_TARGET = 8.3;
				MTL_ENABLE_DEBUG_INFO = NO;
				SDKROOT = iphoneos;
				SWIFT_OPTIMIZATION_LEVEL = "-Owholemodule";
				VALIDATE_PRODUCT = YES;
			};
			name = Release;
		};
		607FACF01AFB9204008FA782 /* Debug */ = {
			isa = XCBuildConfiguration;
			baseConfigurationReference = 09F6D551E99F224FBB0ACEA1 /* Pods-markymark_Example.debug.xcconfig */;
			buildSettings = {
				ALWAYS_EMBED_SWIFT_STANDARD_LIBRARIES = YES;
				ASSETCATALOG_COMPILER_APPICON_NAME = AppIcon;
				CODE_SIGN_IDENTITY = "";
				"CODE_SIGN_IDENTITY[sdk=iphoneos*]" = "iPhone Developer";
				DEVELOPMENT_TEAM = 3B6J93GERH;
				INFOPLIST_FILE = markymark/Info.plist;
				LD_RUNPATH_SEARCH_PATHS = "$(inherited) @executable_path/Frameworks";
				MODULE_NAME = ExampleApp;
				PRODUCT_BUNDLE_IDENTIFIER = "org.cocoapods.demo.$(PRODUCT_NAME:rfc1034identifier)";
				PRODUCT_NAME = "$(TARGET_NAME)";
				PROVISIONING_PROFILE = "";
				SWIFT_VERSION = 5.0;
			};
			name = Debug;
		};
		607FACF11AFB9204008FA782 /* Release */ = {
			isa = XCBuildConfiguration;
			baseConfigurationReference = 9704F30C7296E4A0EA9A0087 /* Pods-markymark_Example.release.xcconfig */;
			buildSettings = {
				ALWAYS_EMBED_SWIFT_STANDARD_LIBRARIES = YES;
				ASSETCATALOG_COMPILER_APPICON_NAME = AppIcon;
				CODE_SIGN_IDENTITY = "";
				"CODE_SIGN_IDENTITY[sdk=iphoneos*]" = "iPhone Developer";
				DEVELOPMENT_TEAM = 3B6J93GERH;
				INFOPLIST_FILE = markymark/Info.plist;
				LD_RUNPATH_SEARCH_PATHS = "$(inherited) @executable_path/Frameworks";
				MODULE_NAME = ExampleApp;
				PRODUCT_BUNDLE_IDENTIFIER = "org.cocoapods.demo.$(PRODUCT_NAME:rfc1034identifier)";
				PRODUCT_NAME = "$(TARGET_NAME)";
				PROVISIONING_PROFILE = "";
				SWIFT_VERSION = 5.0;
			};
			name = Release;
		};
		607FACF31AFB9204008FA782 /* Debug */ = {
			isa = XCBuildConfiguration;
			baseConfigurationReference = 9ACED21B5B719CEBD45DC4FF /* Pods-markymark_Tests.debug.xcconfig */;
			buildSettings = {
				ALWAYS_EMBED_SWIFT_STANDARD_LIBRARIES = YES;
				DEVELOPMENT_TEAM = 3B6J93GERH;
				FRAMEWORK_SEARCH_PATHS = (
					"$(SDKROOT)/Developer/Library/Frameworks",
					"$(inherited)",
				);
				GCC_PREPROCESSOR_DEFINITIONS = (
					"DEBUG=1",
					"$(inherited)",
				);
				INFOPLIST_FILE = Tests/Info.plist;
				LD_RUNPATH_SEARCH_PATHS = "$(inherited) @executable_path/Frameworks @loader_path/Frameworks";
				PRODUCT_BUNDLE_IDENTIFIER = "org.cocoapods.$(PRODUCT_NAME:rfc1034identifier)";
				PRODUCT_NAME = "$(TARGET_NAME)";
				SWIFT_VERSION = 5.0;
			};
			name = Debug;
		};
		607FACF41AFB9204008FA782 /* Release */ = {
			isa = XCBuildConfiguration;
			baseConfigurationReference = F999758130B6D43C3A4FA9BF /* Pods-markymark_Tests.release.xcconfig */;
			buildSettings = {
				ALWAYS_EMBED_SWIFT_STANDARD_LIBRARIES = YES;
				DEVELOPMENT_TEAM = 3B6J93GERH;
				FRAMEWORK_SEARCH_PATHS = (
					"$(SDKROOT)/Developer/Library/Frameworks",
					"$(inherited)",
				);
				INFOPLIST_FILE = Tests/Info.plist;
				LD_RUNPATH_SEARCH_PATHS = "$(inherited) @executable_path/Frameworks @loader_path/Frameworks";
				PRODUCT_BUNDLE_IDENTIFIER = "org.cocoapods.$(PRODUCT_NAME:rfc1034identifier)";
				PRODUCT_NAME = "$(TARGET_NAME)";
				SWIFT_VERSION = 5.0;
			};
			name = Release;
		};
		F95E700521A5E9FC006CA76E /* Debug */ = {
			isa = XCBuildConfiguration;
			baseConfigurationReference = 99E80ED3FF06693617B60997 /* Pods-TodayExtension.debug.xcconfig */;
			buildSettings = {
				CLANG_ANALYZER_NONNULL = YES;
				CLANG_ANALYZER_NUMBER_OBJECT_CONVERSION = YES_AGGRESSIVE;
				CLANG_CXX_LANGUAGE_STANDARD = "gnu++14";
				CLANG_ENABLE_OBJC_WEAK = YES;
				CLANG_WARN_DEPRECATED_OBJC_IMPLEMENTATIONS = YES;
				CLANG_WARN_DOCUMENTATION_COMMENTS = YES;
				CLANG_WARN_OBJC_IMPLICIT_RETAIN_SELF = YES;
				CLANG_WARN_UNGUARDED_AVAILABILITY = YES_AGGRESSIVE;
				CODE_SIGN_STYLE = Automatic;
				DEBUG_INFORMATION_FORMAT = dwarf;
				DEVELOPMENT_TEAM = 3B6J93GERH;
				GCC_C_LANGUAGE_STANDARD = gnu11;
				INFOPLIST_FILE = TodayExtension/Info.plist;
				IPHONEOS_DEPLOYMENT_TARGET = 12.1;
				LD_RUNPATH_SEARCH_PATHS = "$(inherited) @executable_path/Frameworks @executable_path/../../Frameworks";
				MTL_ENABLE_DEBUG_INFO = INCLUDE_SOURCE;
				MTL_FAST_MATH = YES;
				PRODUCT_BUNDLE_IDENTIFIER = "org.cocoapods.demo.markymark-Example.TodayExtension";
				PRODUCT_NAME = "$(TARGET_NAME)";
				SKIP_INSTALL = YES;
				SWIFT_ACTIVE_COMPILATION_CONDITIONS = DEBUG;
				SWIFT_VERSION = 5.0;
				TARGETED_DEVICE_FAMILY = "1,2";
			};
			name = Debug;
		};
		F95E700621A5E9FC006CA76E /* Release */ = {
			isa = XCBuildConfiguration;
			baseConfigurationReference = A91946E3427CFFC9F3CCB54F /* Pods-TodayExtension.release.xcconfig */;
			buildSettings = {
				CLANG_ANALYZER_NONNULL = YES;
				CLANG_ANALYZER_NUMBER_OBJECT_CONVERSION = YES_AGGRESSIVE;
				CLANG_CXX_LANGUAGE_STANDARD = "gnu++14";
				CLANG_ENABLE_OBJC_WEAK = YES;
				CLANG_WARN_DEPRECATED_OBJC_IMPLEMENTATIONS = YES;
				CLANG_WARN_DOCUMENTATION_COMMENTS = YES;
				CLANG_WARN_OBJC_IMPLICIT_RETAIN_SELF = YES;
				CLANG_WARN_UNGUARDED_AVAILABILITY = YES_AGGRESSIVE;
				CODE_SIGN_STYLE = Automatic;
				DEVELOPMENT_TEAM = 3B6J93GERH;
				GCC_C_LANGUAGE_STANDARD = gnu11;
				INFOPLIST_FILE = TodayExtension/Info.plist;
				IPHONEOS_DEPLOYMENT_TARGET = 12.1;
				LD_RUNPATH_SEARCH_PATHS = "$(inherited) @executable_path/Frameworks @executable_path/../../Frameworks";
				MTL_FAST_MATH = YES;
				PRODUCT_BUNDLE_IDENTIFIER = "org.cocoapods.demo.markymark-Example.TodayExtension";
				PRODUCT_NAME = "$(TARGET_NAME)";
				SKIP_INSTALL = YES;
				SWIFT_VERSION = 5.0;
				TARGETED_DEVICE_FAMILY = "1,2";
			};
			name = Release;
		};
/* End XCBuildConfiguration section */

/* Begin XCConfigurationList section */
		607FACCB1AFB9204008FA782 /* Build configuration list for PBXProject "markymark" */ = {
			isa = XCConfigurationList;
			buildConfigurations = (
				607FACED1AFB9204008FA782 /* Debug */,
				607FACEE1AFB9204008FA782 /* Release */,
			);
			defaultConfigurationIsVisible = 0;
			defaultConfigurationName = Release;
		};
		607FACEF1AFB9204008FA782 /* Build configuration list for PBXNativeTarget "markymark_Example" */ = {
			isa = XCConfigurationList;
			buildConfigurations = (
				607FACF01AFB9204008FA782 /* Debug */,
				607FACF11AFB9204008FA782 /* Release */,
			);
			defaultConfigurationIsVisible = 0;
			defaultConfigurationName = Release;
		};
		607FACF21AFB9204008FA782 /* Build configuration list for PBXNativeTarget "markymark_Tests" */ = {
			isa = XCConfigurationList;
			buildConfigurations = (
				607FACF31AFB9204008FA782 /* Debug */,
				607FACF41AFB9204008FA782 /* Release */,
			);
			defaultConfigurationIsVisible = 0;
			defaultConfigurationName = Release;
		};
		F95E700721A5E9FC006CA76E /* Build configuration list for PBXNativeTarget "TodayExtension" */ = {
			isa = XCConfigurationList;
			buildConfigurations = (
				F95E700521A5E9FC006CA76E /* Debug */,
				F95E700621A5E9FC006CA76E /* Release */,
			);
			defaultConfigurationIsVisible = 0;
			defaultConfigurationName = Release;
		};
/* End XCConfigurationList section */
	};
	rootObject = 607FACC81AFB9204008FA782 /* Project object */;
}
